// !$*UTF8*$!
{
	archiveVersion = 1;
	classes = {
	};
	objectVersion = 51;
	objects = {

/* Begin PBXBuildFile section */
		2A8FB5832479B6A100A54A9C /* AppDelegate.swift in Sources */ = {isa = PBXBuildFile; fileRef = 2A8FB5822479B6A100A54A9C /* AppDelegate.swift */; };
		2A8FB5852479B6A100A54A9C /* SceneDelegate.swift in Sources */ = {isa = PBXBuildFile; fileRef = 2A8FB5842479B6A100A54A9C /* SceneDelegate.swift */; };
		2A8FB5872479B6A100A54A9C /* ChatViewController.swift in Sources */ = {isa = PBXBuildFile; fileRef = 2A8FB5862479B6A100A54A9C /* ChatViewController.swift */; };
		2A8FB58A2479B6A100A54A9C /* Main.storyboard in Resources */ = {isa = PBXBuildFile; fileRef = 2A8FB5882479B6A100A54A9C /* Main.storyboard */; };
		2A8FB58C2479B6A200A54A9C /* Assets.xcassets in Resources */ = {isa = PBXBuildFile; fileRef = 2A8FB58B2479B6A200A54A9C /* Assets.xcassets */; };
		2A8FB58F2479B6A200A54A9C /* LaunchScreen.storyboard in Resources */ = {isa = PBXBuildFile; fileRef = 2A8FB58D2479B6A200A54A9C /* LaunchScreen.storyboard */; };
		2A8FB5972479D53200A54A9C /* RoundedCornerView.swift in Sources */ = {isa = PBXBuildFile; fileRef = 2A8FB5962479D53200A54A9C /* RoundedCornerView.swift */; };
		2ADB794F247B49670073DB72 /* GoogleService-Info.plist in Resources */ = {isa = PBXBuildFile; fileRef = 2ADB794E247B49660073DB72 /* GoogleService-Info.plist */; };
		2AE831C7247E0F4600564B6F /* K.swift in Sources */ = {isa = PBXBuildFile; fileRef = 2AE831C6247E0F4600564B6F /* K.swift */; };
		2AE831CA247E156E00564B6F /* Message.swift in Sources */ = {isa = PBXBuildFile; fileRef = 2AE831C9247E156E00564B6F /* Message.swift */; };
		2AF8541D247A28AF0029144B /* LoginRegisterViewController.swift in Sources */ = {isa = PBXBuildFile; fileRef = 2AF8541C247A28AF0029144B /* LoginRegisterViewController.swift */; };
		2AF8541F247A28C80029144B /* WelcomeViewController.swift in Sources */ = {isa = PBXBuildFile; fileRef = 2AF8541E247A28C80029144B /* WelcomeViewController.swift */; };
		4A177FB5590613B7AE8B651B /* Pods_Chat.framework in Frameworks */ = {isa = PBXBuildFile; fileRef = 2FDD229E25967DD45E6A9DB9 /* Pods_Chat.framework */; };
/* End PBXBuildFile section */

/* Begin PBXFileReference section */
		2A8FB57F2479B6A100A54A9C /* Chat.app */ = {isa = PBXFileReference; explicitFileType = wrapper.application; includeInIndex = 0; path = Chat.app; sourceTree = BUILT_PRODUCTS_DIR; };
		2A8FB5822479B6A100A54A9C /* AppDelegate.swift */ = {isa = PBXFileReference; lastKnownFileType = sourcecode.swift; path = AppDelegate.swift; sourceTree = "<group>"; };
		2A8FB5842479B6A100A54A9C /* SceneDelegate.swift */ = {isa = PBXFileReference; lastKnownFileType = sourcecode.swift; path = SceneDelegate.swift; sourceTree = "<group>"; };
		2A8FB5862479B6A100A54A9C /* ChatViewController.swift */ = {isa = PBXFileReference; lastKnownFileType = sourcecode.swift; path = ChatViewController.swift; sourceTree = "<group>"; };
		2A8FB5892479B6A100A54A9C /* Base */ = {isa = PBXFileReference; lastKnownFileType = file.storyboard; name = Base; path = Base.lproj/Main.storyboard; sourceTree = "<group>"; };
		2A8FB58B2479B6A200A54A9C /* Assets.xcassets */ = {isa = PBXFileReference; lastKnownFileType = folder.assetcatalog; path = Assets.xcassets; sourceTree = "<group>"; };
		2A8FB58E2479B6A200A54A9C /* Base */ = {isa = PBXFileReference; lastKnownFileType = file.storyboard; name = Base; path = Base.lproj/LaunchScreen.storyboard; sourceTree = "<group>"; };
		2A8FB5902479B6A200A54A9C /* Info.plist */ = {isa = PBXFileReference; lastKnownFileType = text.plist.xml; path = Info.plist; sourceTree = "<group>"; };
		2A8FB5962479D53200A54A9C /* RoundedCornerView.swift */ = {isa = PBXFileReference; lastKnownFileType = sourcecode.swift; path = RoundedCornerView.swift; sourceTree = "<group>"; };
		2ADB794E247B49660073DB72 /* GoogleService-Info.plist */ = {isa = PBXFileReference; fileEncoding = 4; lastKnownFileType = text.plist.xml; path = "GoogleService-Info.plist"; sourceTree = "<group>"; };
		2AE831C6247E0F4600564B6F /* K.swift */ = {isa = PBXFileReference; lastKnownFileType = sourcecode.swift; path = K.swift; sourceTree = "<group>"; };
		2AE831C9247E156E00564B6F /* Message.swift */ = {isa = PBXFileReference; lastKnownFileType = sourcecode.swift; path = Message.swift; sourceTree = "<group>"; };
		2AF8541C247A28AF0029144B /* LoginRegisterViewController.swift */ = {isa = PBXFileReference; lastKnownFileType = sourcecode.swift; path = LoginRegisterViewController.swift; sourceTree = "<group>"; };
		2AF8541E247A28C80029144B /* WelcomeViewController.swift */ = {isa = PBXFileReference; lastKnownFileType = sourcecode.swift; path = WelcomeViewController.swift; sourceTree = "<group>"; };
		2FDD229E25967DD45E6A9DB9 /* Pods_Chat.framework */ = {isa = PBXFileReference; explicitFileType = wrapper.framework; includeInIndex = 0; path = Pods_Chat.framework; sourceTree = BUILT_PRODUCTS_DIR; };
		F6DC67F64EA149793171ED85 /* Pods-Chat.release.xcconfig */ = {isa = PBXFileReference; includeInIndex = 1; lastKnownFileType = text.xcconfig; name = "Pods-Chat.release.xcconfig"; path = "Target Support Files/Pods-Chat/Pods-Chat.release.xcconfig"; sourceTree = "<group>"; };
		FBD8023F646249522A708703 /* Pods-Chat.debug.xcconfig */ = {isa = PBXFileReference; includeInIndex = 1; lastKnownFileType = text.xcconfig; name = "Pods-Chat.debug.xcconfig"; path = "Target Support Files/Pods-Chat/Pods-Chat.debug.xcconfig"; sourceTree = "<group>"; };
/* End PBXFileReference section */

/* Begin PBXFrameworksBuildPhase section */
		2A8FB57C2479B6A100A54A9C /* Frameworks */ = {
			isa = PBXFrameworksBuildPhase;
			buildActionMask = 2147483647;
			files = (
				4A177FB5590613B7AE8B651B /* Pods_Chat.framework in Frameworks */,
			);
			runOnlyForDeploymentPostprocessing = 0;
		};
/* End PBXFrameworksBuildPhase section */

/* Begin PBXGroup section */
		2A8FB5762479B6A100A54A9C = {
			isa = PBXGroup;
			children = (
				2A8FB5812479B6A100A54A9C /* Chat */,
				2A8FB5802479B6A100A54A9C /* Products */,
				B8FDBEA0C3E932EF6433F4B4 /* Pods */,
				7E6DF2856DAED99F4BB48155 /* Frameworks */,
			);
			sourceTree = "<group>";
		};
		2A8FB5802479B6A100A54A9C /* Products */ = {
			isa = PBXGroup;
			children = (
				2A8FB57F2479B6A100A54A9C /* Chat.app */,
			);
			name = Products;
			sourceTree = "<group>";
		};
		2A8FB5812479B6A100A54A9C /* Chat */ = {
			isa = PBXGroup;
			children = (
				2A8FB5822479B6A100A54A9C /* AppDelegate.swift */,
				2A8FB5842479B6A100A54A9C /* SceneDelegate.swift */,
				2AE831C8247E155300564B6F /* Model */,
				2AF8541A247A285C0029144B /* View */,
				2AF8541B247A28630029144B /* Controller */,
				2A8FB58B2479B6A200A54A9C /* Assets.xcassets */,
				2A8FB58D2479B6A200A54A9C /* LaunchScreen.storyboard */,
				2A8FB5902479B6A200A54A9C /* Info.plist */,
				2ADB794E247B49660073DB72 /* GoogleService-Info.plist */,
				2A8FB5982479D53900A54A9C /* Utils */,
			);
			path = Chat;
			sourceTree = "<group>";
		};
		2A8FB5982479D53900A54A9C /* Utils */ = {
			isa = PBXGroup;
			children = (
				2AE831C6247E0F4600564B6F /* K.swift */,
				2A8FB5962479D53200A54A9C /* RoundedCornerView.swift */,
			);
			path = Utils;
			sourceTree = "<group>";
		};
		2AE831C8247E155300564B6F /* Model */ = {
			isa = PBXGroup;
			children = (
				2AE831C9247E156E00564B6F /* Message.swift */,
			);
			path = Model;
			sourceTree = "<group>";
		};
		2AF8541A247A285C0029144B /* View */ = {
			isa = PBXGroup;
			children = (
				2A8FB5882479B6A100A54A9C /* Main.storyboard */,
			);
			path = View;
			sourceTree = "<group>";
		};
		2AF8541B247A28630029144B /* Controller */ = {
			isa = PBXGroup;
			children = (
				2A8FB5862479B6A100A54A9C /* ChatViewController.swift */,
				2AF8541C247A28AF0029144B /* LoginRegisterViewController.swift */,
				2AF8541E247A28C80029144B /* WelcomeViewController.swift */,
			);
			path = Controller;
			sourceTree = "<group>";
		};
		7E6DF2856DAED99F4BB48155 /* Frameworks */ = {
			isa = PBXGroup;
			children = (
				2FDD229E25967DD45E6A9DB9 /* Pods_Chat.framework */,
			);
			name = Frameworks;
			sourceTree = "<group>";
		};
		B8FDBEA0C3E932EF6433F4B4 /* Pods */ = {
			isa = PBXGroup;
			children = (
				FBD8023F646249522A708703 /* Pods-Chat.debug.xcconfig */,
				F6DC67F64EA149793171ED85 /* Pods-Chat.release.xcconfig */,
			);
			path = Pods;
			sourceTree = "<group>";
		};
/* End PBXGroup section */

/* Begin PBXNativeTarget section */
		2A8FB57E2479B6A100A54A9C /* Chat */ = {
			isa = PBXNativeTarget;
			buildConfigurationList = 2A8FB5932479B6A200A54A9C /* Build configuration list for PBXNativeTarget "Chat" */;
			buildPhases = (
				6E4986C030AEB8CE3FB84F83 /* [CP] Check Pods Manifest.lock */,
				2A8FB57B2479B6A100A54A9C /* Sources */,
				2A8FB57C2479B6A100A54A9C /* Frameworks */,
				2A8FB57D2479B6A100A54A9C /* Resources */,
				16A6244448526C21D1EB7BD2 /* [CP] Embed Pods Frameworks */,
			);
			buildRules = (
			);
			dependencies = (
			);
			name = Chat;
			productName = Chat;
			productReference = 2A8FB57F2479B6A100A54A9C /* Chat.app */;
			productType = "com.apple.product-type.application";
		};
/* End PBXNativeTarget section */

/* Begin PBXProject section */
		2A8FB5772479B6A100A54A9C /* Project object */ = {
			isa = PBXProject;
			attributes = {
				LastSwiftUpdateCheck = 1140;
				LastUpgradeCheck = 1140;
				ORGANIZATIONNAME = "Emerson Javid Gonzalez Morales";
				TargetAttributes = {
					2A8FB57E2479B6A100A54A9C = {
						CreatedOnToolsVersion = 11.4.1;
					};
				};
			};
			buildConfigurationList = 2A8FB57A2479B6A100A54A9C /* Build configuration list for PBXProject "Chat" */;
			compatibilityVersion = "Xcode 9.3";
			developmentRegion = en;
			hasScannedForEncodings = 0;
			knownRegions = (
				en,
				Base,
			);
			mainGroup = 2A8FB5762479B6A100A54A9C;
			productRefGroup = 2A8FB5802479B6A100A54A9C /* Products */;
			projectDirPath = "";
			projectRoot = "";
			targets = (
				2A8FB57E2479B6A100A54A9C /* Chat */,
			);
		};
/* End PBXProject section */

/* Begin PBXResourcesBuildPhase section */
		2A8FB57D2479B6A100A54A9C /* Resources */ = {
			isa = PBXResourcesBuildPhase;
			buildActionMask = 2147483647;
			files = (
				2A8FB58F2479B6A200A54A9C /* LaunchScreen.storyboard in Resources */,
				2ADB794F247B49670073DB72 /* GoogleService-Info.plist in Resources */,
				2A8FB58C2479B6A200A54A9C /* Assets.xcassets in Resources */,
				2A8FB58A2479B6A100A54A9C /* Main.storyboard in Resources */,
			);
			runOnlyForDeploymentPostprocessing = 0;
		};
/* End PBXResourcesBuildPhase section */

/* Begin PBXShellScriptBuildPhase section */
		16A6244448526C21D1EB7BD2 /* [CP] Embed Pods Frameworks */ = {
			isa = PBXShellScriptBuildPhase;
			buildActionMask = 2147483647;
			files = (
			);
			inputFileListPaths = (
				"${PODS_ROOT}/Target Support Files/Pods-Chat/Pods-Chat-frameworks-${CONFIGURATION}-input-files.xcfilelist",
			);
			name = "[CP] Embed Pods Frameworks";
			outputFileListPaths = (
				"${PODS_ROOT}/Target Support Files/Pods-Chat/Pods-Chat-frameworks-${CONFIGURATION}-output-files.xcfilelist",
			);
			runOnlyForDeploymentPostprocessing = 0;
			shellPath = /bin/sh;
			shellScript = "\"${PODS_ROOT}/Target Support Files/Pods-Chat/Pods-Chat-frameworks.sh\"\n";
			showEnvVarsInLog = 0;
		};
		6E4986C030AEB8CE3FB84F83 /* [CP] Check Pods Manifest.lock */ = {
			isa = PBXShellScriptBuildPhase;
			buildActionMask = 2147483647;
			files = (
			);
			inputFileListPaths = (
			);
			inputPaths = (
				"${PODS_PODFILE_DIR_PATH}/Podfile.lock",
				"${PODS_ROOT}/Manifest.lock",
			);
			name = "[CP] Check Pods Manifest.lock";
			outputFileListPaths = (
			);
			outputPaths = (
				"$(DERIVED_FILE_DIR)/Pods-Chat-checkManifestLockResult.txt",
			);
			runOnlyForDeploymentPostprocessing = 0;
			shellPath = /bin/sh;
			shellScript = "diff \"${PODS_PODFILE_DIR_PATH}/Podfile.lock\" \"${PODS_ROOT}/Manifest.lock\" > /dev/null\nif [ $? != 0 ] ; then\n    # print error to STDERR\n    echo \"error: The sandbox is not in sync with the Podfile.lock. Run 'pod install' or update your CocoaPods installation.\" >&2\n    exit 1\nfi\n# This output is used by Xcode 'outputs' to avoid re-running this script phase.\necho \"SUCCESS\" > \"${SCRIPT_OUTPUT_FILE_0}\"\n";
			showEnvVarsInLog = 0;
		};
/* End PBXShellScriptBuildPhase section */

/* Begin PBXSourcesBuildPhase section */
		2A8FB57B2479B6A100A54A9C /* Sources */ = {
			isa = PBXSourcesBuildPhase;
			buildActionMask = 2147483647;
			files = (
				2A8FB5872479B6A100A54A9C /* ChatViewController.swift in Sources */,
				2A8FB5832479B6A100A54A9C /* AppDelegate.swift in Sources */,
				2A8FB5852479B6A100A54A9C /* SceneDelegate.swift in Sources */,
				2AF8541F247A28C80029144B /* WelcomeViewController.swift in Sources */,
				2AE831C7247E0F4600564B6F /* K.swift in Sources */,
				2AE831CA247E156E00564B6F /* Message.swift in Sources */,
				2AF8541D247A28AF0029144B /* LoginRegisterViewController.swift in Sources */,
				2A8FB5972479D53200A54A9C /* RoundedCornerView.swift in Sources */,
			);
			runOnlyForDeploymentPostprocessing = 0;
		};
/* End PBXSourcesBuildPhase section */

/* Begin PBXVariantGroup section */
		2A8FB5882479B6A100A54A9C /* Main.storyboard */ = {
			isa = PBXVariantGroup;
			children = (
				2A8FB5892479B6A100A54A9C /* Base */,
			);
			name = Main.storyboard;
			sourceTree = "<group>";
		};
		2A8FB58D2479B6A200A54A9C /* LaunchScreen.storyboard */ = {
			isa = PBXVariantGroup;
			children = (
				2A8FB58E2479B6A200A54A9C /* Base */,
			);
			name = LaunchScreen.storyboard;
			sourceTree = "<group>";
		};
/* End PBXVariantGroup section */

/* Begin XCBuildConfiguration section */
		2A8FB5912479B6A200A54A9C /* Debug */ = {
			isa = XCBuildConfiguration;
			buildSettings = {
				ALWAYS_SEARCH_USER_PATHS = NO;
				CLANG_ANALYZER_NONNULL = YES;
				CLANG_ANALYZER_NUMBER_OBJECT_CONVERSION = YES_AGGRESSIVE;
				CLANG_CXX_LANGUAGE_STANDARD = "gnu++14";
				CLANG_CXX_LIBRARY = "libc++";
				CLANG_ENABLE_MODULES = YES;
				CLANG_ENABLE_OBJC_ARC = YES;
				CLANG_ENABLE_OBJC_WEAK = YES;
				CLANG_WARN_BLOCK_CAPTURE_AUTORELEASING = YES;
				CLANG_WARN_BOOL_CONVERSION = YES;
				CLANG_WARN_COMMA = YES;
				CLANG_WARN_CONSTANT_CONVERSION = YES;
				CLANG_WARN_DEPRECATED_OBJC_IMPLEMENTATIONS = YES;
				CLANG_WARN_DIRECT_OBJC_ISA_USAGE = YES_ERROR;
				CLANG_WARN_DOCUMENTATION_COMMENTS = YES;
				CLANG_WARN_EMPTY_BODY = YES;
				CLANG_WARN_ENUM_CONVERSION = YES;
				CLANG_WARN_INFINITE_RECURSION = YES;
				CLANG_WARN_INT_CONVERSION = YES;
				CLANG_WARN_NON_LITERAL_NULL_CONVERSION = YES;
				CLANG_WARN_OBJC_IMPLICIT_RETAIN_SELF = YES;
				CLANG_WARN_OBJC_LITERAL_CONVERSION = YES;
				CLANG_WARN_OBJC_ROOT_CLASS = YES_ERROR;
				CLANG_WARN_RANGE_LOOP_ANALYSIS = YES;
				CLANG_WARN_STRICT_PROTOTYPES = YES;
				CLANG_WARN_SUSPICIOUS_MOVE = YES;
				CLANG_WARN_UNGUARDED_AVAILABILITY = YES_AGGRESSIVE;
				CLANG_WARN_UNREACHABLE_CODE = YES;
				CLANG_WARN__DUPLICATE_METHOD_MATCH = YES;
				COPY_PHASE_STRIP = NO;
				DEBUG_INFORMATION_FORMAT = dwarf;
				ENABLE_STRICT_OBJC_MSGSEND = YES;
				ENABLE_TESTABILITY = YES;
				GCC_C_LANGUAGE_STANDARD = gnu11;
				GCC_DYNAMIC_NO_PIC = NO;
				GCC_NO_COMMON_BLOCKS = YES;
				GCC_OPTIMIZATION_LEVEL = 0;
				GCC_PREPROCESSOR_DEFINITIONS = (
					"DEBUG=1",
					"$(inherited)",
				);
				GCC_WARN_64_TO_32_BIT_CONVERSION = YES;
				GCC_WARN_ABOUT_RETURN_TYPE = YES_ERROR;
				GCC_WARN_UNDECLARED_SELECTOR = YES;
				GCC_WARN_UNINITIALIZED_AUTOS = YES_AGGRESSIVE;
				GCC_WARN_UNUSED_FUNCTION = YES;
				GCC_WARN_UNUSED_VARIABLE = YES;
				IPHONEOS_DEPLOYMENT_TARGET = 13.4;
				MTL_ENABLE_DEBUG_INFO = INCLUDE_SOURCE;
				MTL_FAST_MATH = YES;
				ONLY_ACTIVE_ARCH = YES;
				SDKROOT = iphoneos;
				SWIFT_ACTIVE_COMPILATION_CONDITIONS = DEBUG;
				SWIFT_OPTIMIZATION_LEVEL = "-Onone";
			};
			name = Debug;
		};
		2A8FB5922479B6A200A54A9C /* Release */ = {
			isa = XCBuildConfiguration;
			buildSettings = {
				ALWAYS_SEARCH_USER_PATHS = NO;
				CLANG_ANALYZER_NONNULL = YES;
				CLANG_ANALYZER_NUMBER_OBJECT_CONVERSION = YES_AGGRESSIVE;
				CLANG_CXX_LANGUAGE_STANDARD = "gnu++14";
				CLANG_CXX_LIBRARY = "libc++";
				CLANG_ENABLE_MODULES = YES;
				CLANG_ENABLE_OBJC_ARC = YES;
				CLANG_ENABLE_OBJC_WEAK = YES;
				CLANG_WARN_BLOCK_CAPTURE_AUTORELEASING = YES;
				CLANG_WARN_BOOL_CONVERSION = YES;
				CLANG_WARN_COMMA = YES;
				CLANG_WARN_CONSTANT_CONVERSION = YES;
				CLANG_WARN_DEPRECATED_OBJC_IMPLEMENTATIONS = YES;
				CLANG_WARN_DIRECT_OBJC_ISA_USAGE = YES_ERROR;
				CLANG_WARN_DOCUMENTATION_COMMENTS = YES;
				CLANG_WARN_EMPTY_BODY = YES;
				CLANG_WARN_ENUM_CONVERSION = YES;
				CLANG_WARN_INFINITE_RECURSION = YES;
				CLANG_WARN_INT_CONVERSION = YES;
				CLANG_WARN_NON_LITERAL_NULL_CONVERSION = YES;
				CLANG_WARN_OBJC_IMPLICIT_RETAIN_SELF = YES;
				CLANG_WARN_OBJC_LITERAL_CONVERSION = YES;
				CLANG_WARN_OBJC_ROOT_CLASS = YES_ERROR;
				CLANG_WARN_RANGE_LOOP_ANALYSIS = YES;
				CLANG_WARN_STRICT_PROTOTYPES = YES;
				CLANG_WARN_SUSPICIOUS_MOVE = YES;
				CLANG_WARN_UNGUARDED_AVAILABILITY = YES_AGGRESSIVE;
				CLANG_WARN_UNREACHABLE_CODE = YES;
				CLANG_WARN__DUPLICATE_METHOD_MATCH = YES;
				COPY_PHASE_STRIP = NO;
				DEBUG_INFORMATION_FORMAT = "dwarf-with-dsym";
				ENABLE_NS_ASSERTIONS = NO;
				ENABLE_STRICT_OBJC_MSGSEND = YES;
				GCC_C_LANGUAGE_STANDARD = gnu11;
				GCC_NO_COMMON_BLOCKS = YES;
				GCC_WARN_64_TO_32_BIT_CONVERSION = YES;
				GCC_WARN_ABOUT_RETURN_TYPE = YES_ERROR;
				GCC_WARN_UNDECLARED_SELECTOR = YES;
				GCC_WARN_UNINITIALIZED_AUTOS = YES_AGGRESSIVE;
				GCC_WARN_UNUSED_FUNCTION = YES;
				GCC_WARN_UNUSED_VARIABLE = YES;
				IPHONEOS_DEPLOYMENT_TARGET = 13.4;
				MTL_ENABLE_DEBUG_INFO = NO;
				MTL_FAST_MATH = YES;
				SDKROOT = iphoneos;
				SWIFT_COMPILATION_MODE = wholemodule;
				SWIFT_OPTIMIZATION_LEVEL = "-O";
				VALIDATE_PRODUCT = YES;
			};
			name = Release;
		};
		2A8FB5942479B6A200A54A9C /* Debug */ = {
			isa = XCBuildConfiguration;
			baseConfigurationReference = FBD8023F646249522A708703 /* Pods-Chat.debug.xcconfig */;
			buildSettings = {
				ASSETCATALOG_COMPILER_APPICON_NAME = AppIcon;
				CODE_SIGN_STYLE = Automatic;
				DEVELOPMENT_TEAM = AXFJSQZQ4X;
				INFOPLIST_FILE = Chat/Info.plist;
				LD_RUNPATH_SEARCH_PATHS = (
					"$(inherited)",
					"@executable_path/Frameworks",
				);
				PRODUCT_BUNDLE_IDENTIFIER = com.emerdeveloper.Chat;
				PRODUCT_NAME = "$(TARGET_NAME)";
				SWIFT_VERSION = 5.0;
				TARGETED_DEVICE_FAMILY = 1;
			};
			name = Debug;
		};
		2A8FB5952479B6A200A54A9C /* Release */ = {
			isa = XCBuildConfiguration;
			baseConfigurationReference = F6DC67F64EA149793171ED85 /* Pods-Chat.release.xcconfig */;
			buildSettings = {
				ASSETCATALOG_COMPILER_APPICON_NAME = AppIcon;
				CODE_SIGN_STYLE = Automatic;
				DEVELOPMENT_TEAM = AXFJSQZQ4X;
				INFOPLIST_FILE = Chat/Info.plist;
				LD_RUNPATH_SEARCH_PATHS = (
					"$(inherited)",
					"@executable_path/Frameworks",
				);
				PRODUCT_BUNDLE_IDENTIFIER = com.emerdeveloper.Chat;
				PRODUCT_NAME = "$(TARGET_NAME)";
				SWIFT_VERSION = 5.0;
				TARGETED_DEVICE_FAMILY = 1;
			};
			name = Release;
		};
/* End XCBuildConfiguration section */

/* Begin XCConfigurationList section */
		2A8FB57A2479B6A100A54A9C /* Build configuration list for PBXProject "Chat" */ = {
			isa = XCConfigurationList;
			buildConfigurations = (
				2A8FB5912479B6A200A54A9C /* Debug */,
				2A8FB5922479B6A200A54A9C /* Release */,
			);
			defaultConfigurationIsVisible = 0;
			defaultConfigurationName = Release;
		};
		2A8FB5932479B6A200A54A9C /* Build configuration list for PBXNativeTarget "Chat" */ = {
			isa = XCConfigurationList;
			buildConfigurations = (
				2A8FB5942479B6A200A54A9C /* Debug */,
				2A8FB5952479B6A200A54A9C /* Release */,
			);
			defaultConfigurationIsVisible = 0;
			defaultConfigurationName = Release;
		};
/* End XCConfigurationList section */
	};
	rootObject = 2A8FB5772479B6A100A54A9C /* Project object */;
}
